
Microsoft Visual Studio Solution File, Format Version 12.00
# Visual Studio Version 17
VisualStudioVersion = 17.9.34723.18
MinimumVisualStudioVersion = 10.0.40219.1
Project("{9A19103F-16F7-4668-BE54-9A1E7A4F7556}") = "VirtualVisaCenter.Shared", "VirtualVisaCenter.Shared\VirtualVisaCenter.Shared.csproj", "{610744B1-A25D-4B3B-B73F-EDFDFFBC54D5}"
EndProject
Project("{9A19103F-16F7-4668-BE54-9A1E7A4F7556}") = "VirualVisaCenter.API", "VirualVisaCenter.API\VirualVisaCenter.API.csproj", "{89F663F0-8AC9-434D-8917-A2A951959DCB}"
EndProject
Project("{9A19103F-16F7-4668-BE54-9A1E7A4F7556}") = "VirtualVisaCenter.WEB", "VirtualVisaCenter.WEB\VirtualVisaCenter.WEB.csproj", "{EEFEB2AF-F497-478F-BE06-8F698DDB0983}"
EndProject
Global
	GlobalSection(SolutionConfigurationPlatforms) = preSolution
		Debug|Any CPU = Debug|Any CPU
		Release|Any CPU = Release|Any CPU
	EndGlobalSection
	GlobalSection(ProjectConfigurationPlatforms) = postSolution
		{610744B1-A25D-4B3B-B73F-EDFDFFBC54D5}.Debug|Any CPU.ActiveCfg = Debug|Any CPU
		{610744B1-A25D-4B3B-B73F-EDFDFFBC54D5}.Debug|Any CPU.Build.0 = Debug|Any CPU
		{610744B1-A25D-4B3B-B73F-EDFDFFBC54D5}.Release|Any CPU.ActiveCfg = Release|Any CPU
		{610744B1-A25D-4B3B-B73F-EDFDFFBC54D5}.Release|Any CPU.Build.0 = Release|Any CPU
		{89F663F0-8AC9-434D-8917-A2A951959DCB}.Debug|Any CPU.ActiveCfg = Debug|Any CPU
		{89F663F0-8AC9-434D-8917-A2A951959DCB}.Debug|Any CPU.Build.0 = Debug|Any CPU
		{89F663F0-8AC9-434D-8917-A2A951959DCB}.Release|Any CPU.ActiveCfg = Release|Any CPU
		{89F663F0-8AC9-434D-8917-A2A951959DCB}.Release|Any CPU.Build.0 = Release|Any CPU
		{EEFEB2AF-F497-478F-BE06-8F698DDB0983}.Debug|Any CPU.ActiveCfg = Debug|Any CPU
		{EEFEB2AF-F497-478F-BE06-8F698DDB0983}.Debug|Any CPU.Build.0 = Debug|Any CPU
		{EEFEB2AF-F497-478F-BE06-8F698DDB0983}.Release|Any CPU.ActiveCfg = Release|Any CPU
		{EEFEB2AF-F497-478F-BE06-8F698DDB0983}.Release|Any CPU.Build.0 = Release|Any CPU
	EndGlobalSection
	GlobalSection(SolutionProperties) = preSolution
		HideSolutionNode = FALSE
	EndGlobalSection
	GlobalSection(ExtensibilityGlobals) = postSolution
		SolutionGuid = {6CC6EC7C-C879-4D2F-95A7-C0BF9B87F0D6}
	EndGlobalSection
EndGlobal
